
Microsoft Visual Studio Solution File, Format Version 12.00
# Visual Studio 2012
Project("{FAE04EC0-301F-11D3-BF4B-00C04F79EFBC}") = "ANSPollingWorker", "ANSPollingWorker\ANSPollingWorker.csproj", "{AAC036DE-835F-40D4-A252-3FE32D224F68}"
EndProject
Project("{FAE04EC0-301F-11D3-BF4B-00C04F79EFBC}") = "ANSCore", "ANSCore\ANSCore.csproj", "{E20C92AF-3D3F-42BB-BEC3-E8072DE5DA71}"
EndProject
Project("{FAE04EC0-301F-11D3-BF4B-00C04F79EFBC}") = "AdamantApi", "AdamantApi\AdamantApi.csproj", "{C8B1A3CD-9BA7-49DF-91FA-2A150EA92FE8}"
EndProject
Project("{FAE04EC0-301F-11D3-BF4B-00C04F79EFBC}") = "AdamantCore", "AdamantCore\AdamantCore.csproj", "{8713FA51-BF01-4C72-8E82-C102F8E04E16}"
EndProject
Project("{2150E333-8FDC-42A3-9474-1A3956D46DE8}") = "Adamant", "Adamant", "{CBAAEC9A-47E4-479C-BB79-F2B8962561FB}"
EndProject
Project("{2150E333-8FDC-42A3-9474-1A3956D46DE8}") = "NotificationService", "NotificationService", "{05ED861E-7905-46D4-843E-8CEB5356A676}"
EndProject
Project("{FAE04EC0-301F-11D3-BF4B-00C04F79EFBC}") = "ANSDataContext", "ANSDataContext\ANSDataContext.csproj", "{D97E604C-DF2C-4AF3-9AF2-2D0766A8E7ED}"
EndProject
Project("{FAE04EC0-301F-11D3-BF4B-00C04F79EFBC}") = "ANSSignalsRegistration", "ANSSignalsRegistration\ANSSignalsRegistration.csproj", "{F16F2B33-34E7-4F15-9587-72B91D39024E}"
EndProject
Project("{FAE04EC0-301F-11D3-BF4B-00C04F79EFBC}") = "AdamantEncryption.Tests", "AdamantEncryption.Tests\AdamantEncryption.Tests.csproj", "{B73F2526-3D5B-418E-9110-C8068B8E7C97}"
EndProject
Project("{FAE04EC0-301F-11D3-BF4B-00C04F79EFBC}") = "AdamantEncryption", "AdamantEncryption\AdamantEncryption.csproj", "{79286D2B-E96A-4D24-8148-6B8A696A665B}"
EndProject
Project("{FAE04EC0-301F-11D3-BF4B-00C04F79EFBC}") = "AdamantUtilities", "AdamantUtilities\AdamantUtilities.csproj", "{FCF99C51-6A1E-4329-8B90-24833FC5FB4C}"
EndProject
Project("{FAE04EC0-301F-11D3-BF4B-00C04F79EFBC}") = "AdamantCore.Tests", "AdamantCore.Tests\AdamantCore.Tests.csproj", "{43539A4E-BB9F-4677-9572-6BCBBA695F6D}"
EndProject
Project("{FAE04EC0-301F-11D3-BF4B-00C04F79EFBC}") = "ANSShared", "ANSShared\ANSShared.csproj", "{9AC7F8FF-8066-4590-BF48-73464CE9C87E}"
EndProject
Project("{FAE04EC0-301F-11D3-BF4B-00C04F79EFBC}") = "ANSApplePusher", "ANSApplePusher\ANSApplePusher.csproj", "{2444EAA1-E489-4C2D-B2BC-99EF2C6CC545}"
EndProject
Project("{2150E333-8FDC-42A3-9474-1A3956D46DE8}") = "SharpPusher", "SharpPusher", "{90213200-D176-4FEF-8F7F-8519FB24E2BE}"
EndProject
Project("{FAE04EC0-301F-11D3-BF4B-00C04F79EFBC}") = "SharpPusher", "SharpPusher\SharpPusher.csproj", "{0B4AAB79-1243-4672-96EC-3FD2A89D8482}"
EndProject
Project("{FAE04EC0-301F-11D3-BF4B-00C04F79EFBC}") = "SharpPusherSample", "SharpPusherSample\SharpPusherSample.csproj", "{A92A9541-D990-4A37-8248-8DC318D0D457}"
EndProject
Project("{FAE04EC0-301F-11D3-BF4B-00C04F79EFBC}") = "SharpPusherTests", "SharpPusherTests\SharpPusherTests.csproj", "{19127688-1EF5-4AC8-92EE-BC9919B006B8}"
EndProject
Global
	GlobalSection(SolutionConfigurationPlatforms) = preSolution
		Debug|Any CPU = Debug|Any CPU
		Release|Any CPU = Release|Any CPU
	EndGlobalSection
	GlobalSection(ProjectConfigurationPlatforms) = postSolution
		{AAC036DE-835F-40D4-A252-3FE32D224F68}.Debug|Any CPU.ActiveCfg = Debug|Any CPU
		{AAC036DE-835F-40D4-A252-3FE32D224F68}.Debug|Any CPU.Build.0 = Debug|Any CPU
		{AAC036DE-835F-40D4-A252-3FE32D224F68}.Release|Any CPU.ActiveCfg = Release|Any CPU
		{AAC036DE-835F-40D4-A252-3FE32D224F68}.Release|Any CPU.Build.0 = Release|Any CPU
		{E20C92AF-3D3F-42BB-BEC3-E8072DE5DA71}.Debug|Any CPU.ActiveCfg = Debug|Any CPU
		{E20C92AF-3D3F-42BB-BEC3-E8072DE5DA71}.Debug|Any CPU.Build.0 = Debug|Any CPU
		{E20C92AF-3D3F-42BB-BEC3-E8072DE5DA71}.Release|Any CPU.ActiveCfg = Release|Any CPU
		{E20C92AF-3D3F-42BB-BEC3-E8072DE5DA71}.Release|Any CPU.Build.0 = Release|Any CPU
		{C8B1A3CD-9BA7-49DF-91FA-2A150EA92FE8}.Debug|Any CPU.ActiveCfg = Debug|Any CPU
		{C8B1A3CD-9BA7-49DF-91FA-2A150EA92FE8}.Debug|Any CPU.Build.0 = Debug|Any CPU
		{C8B1A3CD-9BA7-49DF-91FA-2A150EA92FE8}.Release|Any CPU.ActiveCfg = Release|Any CPU
		{C8B1A3CD-9BA7-49DF-91FA-2A150EA92FE8}.Release|Any CPU.Build.0 = Release|Any CPU
		{8713FA51-BF01-4C72-8E82-C102F8E04E16}.Debug|Any CPU.ActiveCfg = Debug|Any CPU
		{8713FA51-BF01-4C72-8E82-C102F8E04E16}.Debug|Any CPU.Build.0 = Debug|Any CPU
		{8713FA51-BF01-4C72-8E82-C102F8E04E16}.Release|Any CPU.ActiveCfg = Release|Any CPU
		{8713FA51-BF01-4C72-8E82-C102F8E04E16}.Release|Any CPU.Build.0 = Release|Any CPU
		{D97E604C-DF2C-4AF3-9AF2-2D0766A8E7ED}.Debug|Any CPU.ActiveCfg = Debug|Any CPU
		{D97E604C-DF2C-4AF3-9AF2-2D0766A8E7ED}.Debug|Any CPU.Build.0 = Debug|Any CPU
		{D97E604C-DF2C-4AF3-9AF2-2D0766A8E7ED}.Release|Any CPU.ActiveCfg = Release|Any CPU
		{D97E604C-DF2C-4AF3-9AF2-2D0766A8E7ED}.Release|Any CPU.Build.0 = Release|Any CPU
		{F16F2B33-34E7-4F15-9587-72B91D39024E}.Debug|Any CPU.ActiveCfg = Debug|Any CPU
		{F16F2B33-34E7-4F15-9587-72B91D39024E}.Debug|Any CPU.Build.0 = Debug|Any CPU
		{F16F2B33-34E7-4F15-9587-72B91D39024E}.Release|Any CPU.ActiveCfg = Release|Any CPU
		{F16F2B33-34E7-4F15-9587-72B91D39024E}.Release|Any CPU.Build.0 = Release|Any CPU
		{B73F2526-3D5B-418E-9110-C8068B8E7C97}.Debug|Any CPU.ActiveCfg = Debug|Any CPU
		{B73F2526-3D5B-418E-9110-C8068B8E7C97}.Debug|Any CPU.Build.0 = Debug|Any CPU
		{B73F2526-3D5B-418E-9110-C8068B8E7C97}.Release|Any CPU.ActiveCfg = Release|Any CPU
		{B73F2526-3D5B-418E-9110-C8068B8E7C97}.Release|Any CPU.Build.0 = Release|Any CPU
		{79286D2B-E96A-4D24-8148-6B8A696A665B}.Debug|Any CPU.ActiveCfg = Debug|Any CPU
		{79286D2B-E96A-4D24-8148-6B8A696A665B}.Debug|Any CPU.Build.0 = Debug|Any CPU
		{79286D2B-E96A-4D24-8148-6B8A696A665B}.Release|Any CPU.ActiveCfg = Release|Any CPU
		{79286D2B-E96A-4D24-8148-6B8A696A665B}.Release|Any CPU.Build.0 = Release|Any CPU
		{FCF99C51-6A1E-4329-8B90-24833FC5FB4C}.Debug|Any CPU.ActiveCfg = Debug|Any CPU
		{FCF99C51-6A1E-4329-8B90-24833FC5FB4C}.Debug|Any CPU.Build.0 = Debug|Any CPU
		{FCF99C51-6A1E-4329-8B90-24833FC5FB4C}.Release|Any CPU.ActiveCfg = Release|Any CPU
		{FCF99C51-6A1E-4329-8B90-24833FC5FB4C}.Release|Any CPU.Build.0 = Release|Any CPU
		{43539A4E-BB9F-4677-9572-6BCBBA695F6D}.Debug|Any CPU.ActiveCfg = Debug|Any CPU
		{43539A4E-BB9F-4677-9572-6BCBBA695F6D}.Debug|Any CPU.Build.0 = Debug|Any CPU
		{43539A4E-BB9F-4677-9572-6BCBBA695F6D}.Release|Any CPU.ActiveCfg = Release|Any CPU
		{43539A4E-BB9F-4677-9572-6BCBBA695F6D}.Release|Any CPU.Build.0 = Release|Any CPU
		{9AC7F8FF-8066-4590-BF48-73464CE9C87E}.Debug|Any CPU.ActiveCfg = Debug|Any CPU
		{9AC7F8FF-8066-4590-BF48-73464CE9C87E}.Debug|Any CPU.Build.0 = Debug|Any CPU
		{9AC7F8FF-8066-4590-BF48-73464CE9C87E}.Release|Any CPU.ActiveCfg = Release|Any CPU
		{9AC7F8FF-8066-4590-BF48-73464CE9C87E}.Release|Any CPU.Build.0 = Release|Any CPU
		{2444EAA1-E489-4C2D-B2BC-99EF2C6CC545}.Debug|Any CPU.ActiveCfg = Debug|Any CPU
		{2444EAA1-E489-4C2D-B2BC-99EF2C6CC545}.Debug|Any CPU.Build.0 = Debug|Any CPU
		{2444EAA1-E489-4C2D-B2BC-99EF2C6CC545}.Release|Any CPU.ActiveCfg = Release|Any CPU
		{2444EAA1-E489-4C2D-B2BC-99EF2C6CC545}.Release|Any CPU.Build.0 = Release|Any CPU
		{0B4AAB79-1243-4672-96EC-3FD2A89D8482}.Debug|Any CPU.ActiveCfg = Debug|Any CPU
		{0B4AAB79-1243-4672-96EC-3FD2A89D8482}.Debug|Any CPU.Build.0 = Debug|Any CPU
		{0B4AAB79-1243-4672-96EC-3FD2A89D8482}.Release|Any CPU.ActiveCfg = Release|Any CPU
		{0B4AAB79-1243-4672-96EC-3FD2A89D8482}.Release|Any CPU.Build.0 = Release|Any CPU
		{A92A9541-D990-4A37-8248-8DC318D0D457}.Debug|Any CPU.ActiveCfg = Debug|Any CPU
		{A92A9541-D990-4A37-8248-8DC318D0D457}.Debug|Any CPU.Build.0 = Debug|Any CPU
		{A92A9541-D990-4A37-8248-8DC318D0D457}.Release|Any CPU.ActiveCfg = Release|Any CPU
		{A92A9541-D990-4A37-8248-8DC318D0D457}.Release|Any CPU.Build.0 = Release|Any CPU
		{19127688-1EF5-4AC8-92EE-BC9919B006B8}.Debug|Any CPU.ActiveCfg = Debug|Any CPU
		{19127688-1EF5-4AC8-92EE-BC9919B006B8}.Debug|Any CPU.Build.0 = Debug|Any CPU
		{19127688-1EF5-4AC8-92EE-BC9919B006B8}.Release|Any CPU.ActiveCfg = Release|Any CPU
		{19127688-1EF5-4AC8-92EE-BC9919B006B8}.Release|Any CPU.Build.0 = Release|Any CPU
	EndGlobalSection
	GlobalSection(NestedProjects) = preSolution
		{C8B1A3CD-9BA7-49DF-91FA-2A150EA92FE8} = {CBAAEC9A-47E4-479C-BB79-F2B8962561FB}
		{8713FA51-BF01-4C72-8E82-C102F8E04E16} = {CBAAEC9A-47E4-479C-BB79-F2B8962561FB}
		{E20C92AF-3D3F-42BB-BEC3-E8072DE5DA71} = {05ED861E-7905-46D4-843E-8CEB5356A676}
		{AAC036DE-835F-40D4-A252-3FE32D224F68} = {05ED861E-7905-46D4-843E-8CEB5356A676}
		{D97E604C-DF2C-4AF3-9AF2-2D0766A8E7ED} = {05ED861E-7905-46D4-843E-8CEB5356A676}
		{F16F2B33-34E7-4F15-9587-72B91D39024E} = {05ED861E-7905-46D4-843E-8CEB5356A676}
		{B73F2526-3D5B-418E-9110-C8068B8E7C97} = {CBAAEC9A-47E4-479C-BB79-F2B8962561FB}
		{79286D2B-E96A-4D24-8148-6B8A696A665B} = {CBAAEC9A-47E4-479C-BB79-F2B8962561FB}
		{FCF99C51-6A1E-4329-8B90-24833FC5FB4C} = {CBAAEC9A-47E4-479C-BB79-F2B8962561FB}
		{43539A4E-BB9F-4677-9572-6BCBBA695F6D} = {CBAAEC9A-47E4-479C-BB79-F2B8962561FB}
		{9AC7F8FF-8066-4590-BF48-73464CE9C87E} = {05ED861E-7905-46D4-843E-8CEB5356A676}
		{2444EAA1-E489-4C2D-B2BC-99EF2C6CC545} = {05ED861E-7905-46D4-843E-8CEB5356A676}
		{0B4AAB79-1243-4672-96EC-3FD2A89D8482} = {90213200-D176-4FEF-8F7F-8519FB24E2BE}
		{A92A9541-D990-4A37-8248-8DC318D0D457} = {90213200-D176-4FEF-8F7F-8519FB24E2BE}
		{19127688-1EF5-4AC8-92EE-BC9919B006B8} = {90213200-D176-4FEF-8F7F-8519FB24E2BE}
	EndGlobalSection
	GlobalSection(MonoDevelopProperties) = preSolution
		version = 0.4
		Policies = $0
		$0.DotNetNamingPolicy = $1
		$1.DirectoryNamespaceAssociation = PrefixedHierarchical
		$0.StandardHeader = $2
		$0.VersionControlPolicy = $3
	EndGlobalSection
EndGlobal
